// !$*UTF8*$!
{
	archiveVersion = 1;
	classes = {
	};
	objectVersion = 56;
	objects = {

/* Begin PBXBuildFile section */
		D302B3472B62ACE6005DCF85 /* GoogleService-Info.plist in Resources */ = {isa = PBXBuildFile; fileRef = D302B3462B62ACE6005DCF85 /* GoogleService-Info.plist */; };
		D3137FD62B64C096005CB9EF /* UIAlertController+Extension.swift in Sources */ = {isa = PBXBuildFile; fileRef = D3137FD52B64C096005CB9EF /* UIAlertController+Extension.swift */; };
		D3137FD82B64CC41005CB9EF /* TwitterUser.swift in Sources */ = {isa = PBXBuildFile; fileRef = D3137FD72B64CC41005CB9EF /* TwitterUser.swift */; };
		D3137FDA2B64CD9E005CB9EF /* DatabaseManager.swift in Sources */ = {isa = PBXBuildFile; fileRef = D3137FD92B64CD9E005CB9EF /* DatabaseManager.swift */; };
		D3137FDC2B64D7E6005CB9EF /* HomeViewViewModel.swift in Sources */ = {isa = PBXBuildFile; fileRef = D3137FDB2B64D7E6005CB9EF /* HomeViewViewModel.swift */; };
		D3137FDE2B64DBF4005CB9EF /* EditProfileViewController.swift in Sources */ = {isa = PBXBuildFile; fileRef = D3137FDD2B64DBF4005CB9EF /* EditProfileViewController.swift */; };
		D3137FE02B64F144005CB9EF /* EditProfileViewViewModel.swift in Sources */ = {isa = PBXBuildFile; fileRef = D3137FDF2B64F143005CB9EF /* EditProfileViewViewModel.swift */; };
		D31AEF922B6A508800418E21 /* SDWebImage in Frameworks */ = {isa = PBXBuildFile; productRef = D31AEF912B6A508800418E21 /* SDWebImage */; };
		D320982F2B6A7B0400943EAC /* TweetViewController.swift in Sources */ = {isa = PBXBuildFile; fileRef = D320982E2B6A7B0400943EAC /* TweetViewController.swift */; };
		D33ABBB22B6CAE3E004DB07A /* SettingViewController.swift in Sources */ = {isa = PBXBuildFile; fileRef = D33ABBB12B6CAE3E004DB07A /* SettingViewController.swift */; };
		D34244252B62B1DD002BE057 /* FirebaseAuth in Frameworks */ = {isa = PBXBuildFile; productRef = D34244242B62B1DD002BE057 /* FirebaseAuth */; };
		D34244272B62B1DD002BE057 /* FirebaseAuthCombine-Community in Frameworks */ = {isa = PBXBuildFile; productRef = D34244262B62B1DD002BE057 /* FirebaseAuthCombine-Community */; };
		D34244292B62B1DD002BE057 /* FirebaseFirestore in Frameworks */ = {isa = PBXBuildFile; productRef = D34244282B62B1DD002BE057 /* FirebaseFirestore */; };
		D342442B2B62B1DD002BE057 /* FirebaseFirestoreCombine-Community in Frameworks */ = {isa = PBXBuildFile; productRef = D342442A2B62B1DD002BE057 /* FirebaseFirestoreCombine-Community */; };
		D342442D2B62B1DD002BE057 /* FirebaseFirestoreSwift in Frameworks */ = {isa = PBXBuildFile; productRef = D342442C2B62B1DD002BE057 /* FirebaseFirestoreSwift */; };
		D342442F2B62B1DD002BE057 /* FirebaseStorage in Frameworks */ = {isa = PBXBuildFile; productRef = D342442E2B62B1DD002BE057 /* FirebaseStorage */; };
		D34244312B62B1DD002BE057 /* FirebaseStorageCombine-Community in Frameworks */ = {isa = PBXBuildFile; productRef = D34244302B62B1DD002BE057 /* FirebaseStorageCombine-Community */; };
		D34244342B62C687002BE057 /* OnBoardingViewController.swift in Sources */ = {isa = PBXBuildFile; fileRef = D34244332B62C687002BE057 /* OnBoardingViewController.swift */; };
		D34244362B62D665002BE057 /* RegisterViewController.swift in Sources */ = {isa = PBXBuildFile; fileRef = D34244352B62D665002BE057 /* RegisterViewController.swift */; };
		D356DA262B69353A0070367B /* ProfileViewViewModel.swift in Sources */ = {isa = PBXBuildFile; fileRef = D356DA252B69353A0070367B /* ProfileViewViewModel.swift */; };
		D35DC85D2B6E868200C6247B /* FollowViewController.swift in Sources */ = {isa = PBXBuildFile; fileRef = D35DC85C2B6E868200C6247B /* FollowViewController.swift */; };
		D35DC85F2B6E8C7300C6247B /* FollowTableViewCell.swift in Sources */ = {isa = PBXBuildFile; fileRef = D35DC85E2B6E8C7300C6247B /* FollowTableViewCell.swift */; };
		D35DC8612B6E8CD200C6247B /* FollowViewModel.swift in Sources */ = {isa = PBXBuildFile; fileRef = D35DC8602B6E8CD200C6247B /* FollowViewModel.swift */; };
		D35DC8632B6E921200C6247B /* Comment.swift in Sources */ = {isa = PBXBuildFile; fileRef = D35DC8622B6E921200C6247B /* Comment.swift */; };
		D35DC8652B6E9F6F00C6247B /* DetailsTweetViewController.swift in Sources */ = {isa = PBXBuildFile; fileRef = D35DC8642B6E9F6F00C6247B /* DetailsTweetViewController.swift */; };
		D35DC8672B6EB55F00C6247B /* DetailsTweetViewModel.swift in Sources */ = {isa = PBXBuildFile; fileRef = D35DC8662B6EB55F00C6247B /* DetailsTweetViewModel.swift */; };
		D35DC8692B6EB67B00C6247B /* DetailsTweetViewHeader.swift in Sources */ = {isa = PBXBuildFile; fileRef = D35DC8682B6EB67B00C6247B /* DetailsTweetViewHeader.swift */; };
		D35DC86B2B6EB84900C6247B /* SearchViewModel.swift in Sources */ = {isa = PBXBuildFile; fileRef = D35DC86A2B6EB84900C6247B /* SearchViewModel.swift */; };
		D372A7EB2B68F1DA00566F19 /* StorageManager.swift in Sources */ = {isa = PBXBuildFile; fileRef = D372A7EA2B68F1DA00566F19 /* StorageManager.swift */; };
		D37C30A02B637276009FFBB3 /* AuthenticationViewModel.swift in Sources */ = {isa = PBXBuildFile; fileRef = D37C309F2B637276009FFBB3 /* AuthenticationViewModel.swift */; };
		D37C30A32B637AD9009FFBB3 /* AuthenticationManager.swift in Sources */ = {isa = PBXBuildFile; fileRef = D37C30A22B637AD9009FFBB3 /* AuthenticationManager.swift */; };
		D37C30A52B639F41009FFBB3 /* LoginViewController.swift in Sources */ = {isa = PBXBuildFile; fileRef = D37C30A42B639F41009FFBB3 /* LoginViewController.swift */; };
		D3883E6B2B61525F0057C1E1 /* ProfileTabelViewHeader.swift in Sources */ = {isa = PBXBuildFile; fileRef = D3883E6A2B61525F0057C1E1 /* ProfileTabelViewHeader.swift */; };
		D38E77442B613A120035562B /* ProfileViewController.swift in Sources */ = {isa = PBXBuildFile; fileRef = D38E77432B613A120035562B /* ProfileViewController.swift */; };
		D3D5FF402B6AABEB00082907 /* Tweet.swift in Sources */ = {isa = PBXBuildFile; fileRef = D3D5FF3F2B6AABEB00082907 /* Tweet.swift */; };
		D3D5FF422B6AACA000082907 /* tweetViewViewModel.swift in Sources */ = {isa = PBXBuildFile; fileRef = D3D5FF412B6AACA000082907 /* tweetViewViewModel.swift */; };
		D3DD63052B60CF2B00FF234D /* AppDelegate.swift in Sources */ = {isa = PBXBuildFile; fileRef = D3DD63042B60CF2B00FF234D /* AppDelegate.swift */; };
		D3DD63072B60CF2B00FF234D /* SceneDelegate.swift in Sources */ = {isa = PBXBuildFile; fileRef = D3DD63062B60CF2B00FF234D /* SceneDelegate.swift */; };
		D3DD63092B60CF2B00FF234D /* MainTabBarView.swift in Sources */ = {isa = PBXBuildFile; fileRef = D3DD63082B60CF2B00FF234D /* MainTabBarView.swift */; };
		D3DD630E2B60CF2C00FF234D /* Assets.xcassets in Resources */ = {isa = PBXBuildFile; fileRef = D3DD630D2B60CF2C00FF234D /* Assets.xcassets */; };
		D3DD63112B60CF2C00FF234D /* LaunchScreen.storyboard in Resources */ = {isa = PBXBuildFile; fileRef = D3DD630F2B60CF2C00FF234D /* LaunchScreen.storyboard */; };
		D3DD631C2B60CF2C00FF234D /* X_Twitter_CloneTests.swift in Sources */ = {isa = PBXBuildFile; fileRef = D3DD631B2B60CF2C00FF234D /* X_Twitter_CloneTests.swift */; };
		D3DD63262B60CF2C00FF234D /* X_Twitter_CloneUITests.swift in Sources */ = {isa = PBXBuildFile; fileRef = D3DD63252B60CF2C00FF234D /* X_Twitter_CloneUITests.swift */; };
		D3DD63282B60CF2C00FF234D /* X_Twitter_CloneUITestsLaunchTests.swift in Sources */ = {isa = PBXBuildFile; fileRef = D3DD63272B60CF2C00FF234D /* X_Twitter_CloneUITestsLaunchTests.swift */; };
		D3DD63372B60D16800FF234D /* HomeViewController.swift in Sources */ = {isa = PBXBuildFile; fileRef = D3DD63362B60D16800FF234D /* HomeViewController.swift */; };
		D3DD63392B60D19300FF234D /* SearchViewController.swift in Sources */ = {isa = PBXBuildFile; fileRef = D3DD63382B60D19300FF234D /* SearchViewController.swift */; };
		D3DD633B2B60D1A000FF234D /* NotaficationViewController.swift in Sources */ = {isa = PBXBuildFile; fileRef = D3DD633A2B60D1A000FF234D /* NotaficationViewController.swift */; };
		D3DD633D2B60D1AE00FF234D /* DirectMessageViewController.swift in Sources */ = {isa = PBXBuildFile; fileRef = D3DD633C2B60D1AE00FF234D /* DirectMessageViewController.swift */; };
		D3DD63402B60E02700FF234D /* TweetTableViewCell.swift in Sources */ = {isa = PBXBuildFile; fileRef = D3DD633F2B60E02700FF234D /* TweetTableViewCell.swift */; };
		D3E29AE42B6518E300C031BF /* EditProfileTableViewCell.swift in Sources */ = {isa = PBXBuildFile; fileRef = D3E29AE32B6518E300C031BF /* EditProfileTableViewCell.swift */; };
		D3E29AE62B651AD800C031BF /* EditProfileHeader.swift in Sources */ = {isa = PBXBuildFile; fileRef = D3E29AE52B651AD800C031BF /* EditProfileHeader.swift */; };
/* End PBXBuildFile section */

/* Begin PBXContainerItemProxy section */
		D3DD63182B60CF2C00FF234D /* PBXContainerItemProxy */ = {
			isa = PBXContainerItemProxy;
			containerPortal = D3DD62F92B60CF2B00FF234D /* Project object */;
			proxyType = 1;
			remoteGlobalIDString = D3DD63002B60CF2B00FF234D;
			remoteInfo = "X-Twitter-Clone";
		};
		D3DD63222B60CF2C00FF234D /* PBXContainerItemProxy */ = {
			isa = PBXContainerItemProxy;
			containerPortal = D3DD62F92B60CF2B00FF234D /* Project object */;
			proxyType = 1;
			remoteGlobalIDString = D3DD63002B60CF2B00FF234D;
			remoteInfo = "X-Twitter-Clone";
		};
/* End PBXContainerItemProxy section */

/* Begin PBXFileReference section */
		D302B3462B62ACE6005DCF85 /* GoogleService-Info.plist */ = {isa = PBXFileReference; fileEncoding = 4; lastKnownFileType = text.plist.xml; path = "GoogleService-Info.plist"; sourceTree = "<group>"; };
		D3137FD52B64C096005CB9EF /* UIAlertController+Extension.swift */ = {isa = PBXFileReference; lastKnownFileType = sourcecode.swift; path = "UIAlertController+Extension.swift"; sourceTree = "<group>"; };
		D3137FD72B64CC41005CB9EF /* TwitterUser.swift */ = {isa = PBXFileReference; lastKnownFileType = sourcecode.swift; path = TwitterUser.swift; sourceTree = "<group>"; };
		D3137FD92B64CD9E005CB9EF /* DatabaseManager.swift */ = {isa = PBXFileReference; lastKnownFileType = sourcecode.swift; path = DatabaseManager.swift; sourceTree = "<group>"; };
		D3137FDB2B64D7E6005CB9EF /* HomeViewViewModel.swift */ = {isa = PBXFileReference; lastKnownFileType = sourcecode.swift; path = HomeViewViewModel.swift; sourceTree = "<group>"; };
		D3137FDD2B64DBF4005CB9EF /* EditProfileViewController.swift */ = {isa = PBXFileReference; lastKnownFileType = sourcecode.swift; path = EditProfileViewController.swift; sourceTree = "<group>"; };
		D3137FDF2B64F143005CB9EF /* EditProfileViewViewModel.swift */ = {isa = PBXFileReference; lastKnownFileType = sourcecode.swift; path = EditProfileViewViewModel.swift; sourceTree = "<group>"; };
		D320982E2B6A7B0400943EAC /* TweetViewController.swift */ = {isa = PBXFileReference; lastKnownFileType = sourcecode.swift; path = TweetViewController.swift; sourceTree = "<group>"; };
		D33ABBB12B6CAE3E004DB07A /* SettingViewController.swift */ = {isa = PBXFileReference; lastKnownFileType = sourcecode.swift; path = SettingViewController.swift; sourceTree = "<group>"; };
		D34244332B62C687002BE057 /* OnBoardingViewController.swift */ = {isa = PBXFileReference; lastKnownFileType = sourcecode.swift; path = OnBoardingViewController.swift; sourceTree = "<group>"; };
		D34244352B62D665002BE057 /* RegisterViewController.swift */ = {isa = PBXFileReference; lastKnownFileType = sourcecode.swift; path = RegisterViewController.swift; sourceTree = "<group>"; };
		D356DA252B69353A0070367B /* ProfileViewViewModel.swift */ = {isa = PBXFileReference; lastKnownFileType = sourcecode.swift; path = ProfileViewViewModel.swift; sourceTree = "<group>"; };
		D35DC85C2B6E868200C6247B /* FollowViewController.swift */ = {isa = PBXFileReference; lastKnownFileType = sourcecode.swift; path = FollowViewController.swift; sourceTree = "<group>"; };
		D35DC85E2B6E8C7300C6247B /* FollowTableViewCell.swift */ = {isa = PBXFileReference; lastKnownFileType = sourcecode.swift; path = FollowTableViewCell.swift; sourceTree = "<group>"; };
		D35DC8602B6E8CD200C6247B /* FollowViewModel.swift */ = {isa = PBXFileReference; lastKnownFileType = sourcecode.swift; path = FollowViewModel.swift; sourceTree = "<group>"; };
		D35DC8622B6E921200C6247B /* Comment.swift */ = {isa = PBXFileReference; lastKnownFileType = sourcecode.swift; path = Comment.swift; sourceTree = "<group>"; };
		D35DC8642B6E9F6F00C6247B /* DetailsTweetViewController.swift */ = {isa = PBXFileReference; lastKnownFileType = sourcecode.swift; path = DetailsTweetViewController.swift; sourceTree = "<group>"; };
		D35DC8662B6EB55F00C6247B /* DetailsTweetViewModel.swift */ = {isa = PBXFileReference; lastKnownFileType = sourcecode.swift; path = DetailsTweetViewModel.swift; sourceTree = "<group>"; };
		D35DC8682B6EB67B00C6247B /* DetailsTweetViewHeader.swift */ = {isa = PBXFileReference; lastKnownFileType = sourcecode.swift; path = DetailsTweetViewHeader.swift; sourceTree = "<group>"; };
		D35DC86A2B6EB84900C6247B /* SearchViewModel.swift */ = {isa = PBXFileReference; lastKnownFileType = sourcecode.swift; path = SearchViewModel.swift; sourceTree = "<group>"; };
		D372A7EA2B68F1DA00566F19 /* StorageManager.swift */ = {isa = PBXFileReference; lastKnownFileType = sourcecode.swift; path = StorageManager.swift; sourceTree = "<group>"; };
		D37C309F2B637276009FFBB3 /* AuthenticationViewModel.swift */ = {isa = PBXFileReference; lastKnownFileType = sourcecode.swift; path = AuthenticationViewModel.swift; sourceTree = "<group>"; };
		D37C30A22B637AD9009FFBB3 /* AuthenticationManager.swift */ = {isa = PBXFileReference; lastKnownFileType = sourcecode.swift; path = AuthenticationManager.swift; sourceTree = "<group>"; };
		D37C30A42B639F41009FFBB3 /* LoginViewController.swift */ = {isa = PBXFileReference; lastKnownFileType = sourcecode.swift; path = LoginViewController.swift; sourceTree = "<group>"; };
		D3883E6A2B61525F0057C1E1 /* ProfileTabelViewHeader.swift */ = {isa = PBXFileReference; lastKnownFileType = sourcecode.swift; path = ProfileTabelViewHeader.swift; sourceTree = "<group>"; };
		D38E77432B613A120035562B /* ProfileViewController.swift */ = {isa = PBXFileReference; lastKnownFileType = sourcecode.swift; path = ProfileViewController.swift; sourceTree = "<group>"; };
		D3D5FF3F2B6AABEB00082907 /* Tweet.swift */ = {isa = PBXFileReference; lastKnownFileType = sourcecode.swift; path = Tweet.swift; sourceTree = "<group>"; };
		D3D5FF412B6AACA000082907 /* tweetViewViewModel.swift */ = {isa = PBXFileReference; lastKnownFileType = sourcecode.swift; path = tweetViewViewModel.swift; sourceTree = "<group>"; };
		D3DD63012B60CF2B00FF234D /* X-Twitter-Clone.app */ = {isa = PBXFileReference; explicitFileType = wrapper.application; includeInIndex = 0; path = "X-Twitter-Clone.app"; sourceTree = BUILT_PRODUCTS_DIR; };
		D3DD63042B60CF2B00FF234D /* AppDelegate.swift */ = {isa = PBXFileReference; lastKnownFileType = sourcecode.swift; path = AppDelegate.swift; sourceTree = "<group>"; };
		D3DD63062B60CF2B00FF234D /* SceneDelegate.swift */ = {isa = PBXFileReference; lastKnownFileType = sourcecode.swift; path = SceneDelegate.swift; sourceTree = "<group>"; };
		D3DD63082B60CF2B00FF234D /* MainTabBarView.swift */ = {isa = PBXFileReference; lastKnownFileType = sourcecode.swift; path = MainTabBarView.swift; sourceTree = "<group>"; };
		D3DD630D2B60CF2C00FF234D /* Assets.xcassets */ = {isa = PBXFileReference; lastKnownFileType = folder.assetcatalog; path = Assets.xcassets; sourceTree = "<group>"; };
		D3DD63102B60CF2C00FF234D /* Base */ = {isa = PBXFileReference; lastKnownFileType = file.storyboard; name = Base; path = Base.lproj/LaunchScreen.storyboard; sourceTree = "<group>"; };
		D3DD63122B60CF2C00FF234D /* Info.plist */ = {isa = PBXFileReference; lastKnownFileType = text.plist.xml; path = Info.plist; sourceTree = "<group>"; };
		D3DD63172B60CF2C00FF234D /* X-Twitter-CloneTests.xctest */ = {isa = PBXFileReference; explicitFileType = wrapper.cfbundle; includeInIndex = 0; path = "X-Twitter-CloneTests.xctest"; sourceTree = BUILT_PRODUCTS_DIR; };
		D3DD631B2B60CF2C00FF234D /* X_Twitter_CloneTests.swift */ = {isa = PBXFileReference; lastKnownFileType = sourcecode.swift; path = X_Twitter_CloneTests.swift; sourceTree = "<group>"; };
		D3DD63212B60CF2C00FF234D /* X-Twitter-CloneUITests.xctest */ = {isa = PBXFileReference; explicitFileType = wrapper.cfbundle; includeInIndex = 0; path = "X-Twitter-CloneUITests.xctest"; sourceTree = BUILT_PRODUCTS_DIR; };
		D3DD63252B60CF2C00FF234D /* X_Twitter_CloneUITests.swift */ = {isa = PBXFileReference; lastKnownFileType = sourcecode.swift; path = X_Twitter_CloneUITests.swift; sourceTree = "<group>"; };
		D3DD63272B60CF2C00FF234D /* X_Twitter_CloneUITestsLaunchTests.swift */ = {isa = PBXFileReference; lastKnownFileType = sourcecode.swift; path = X_Twitter_CloneUITestsLaunchTests.swift; sourceTree = "<group>"; };
		D3DD63362B60D16800FF234D /* HomeViewController.swift */ = {isa = PBXFileReference; lastKnownFileType = sourcecode.swift; path = HomeViewController.swift; sourceTree = "<group>"; };
		D3DD63382B60D19300FF234D /* SearchViewController.swift */ = {isa = PBXFileReference; lastKnownFileType = sourcecode.swift; path = SearchViewController.swift; sourceTree = "<group>"; };
		D3DD633A2B60D1A000FF234D /* NotaficationViewController.swift */ = {isa = PBXFileReference; lastKnownFileType = sourcecode.swift; path = NotaficationViewController.swift; sourceTree = "<group>"; };
		D3DD633C2B60D1AE00FF234D /* DirectMessageViewController.swift */ = {isa = PBXFileReference; lastKnownFileType = sourcecode.swift; path = DirectMessageViewController.swift; sourceTree = "<group>"; };
		D3DD633F2B60E02700FF234D /* TweetTableViewCell.swift */ = {isa = PBXFileReference; lastKnownFileType = sourcecode.swift; path = TweetTableViewCell.swift; sourceTree = "<group>"; };
		D3E29AE32B6518E300C031BF /* EditProfileTableViewCell.swift */ = {isa = PBXFileReference; lastKnownFileType = sourcecode.swift; path = EditProfileTableViewCell.swift; sourceTree = "<group>"; };
		D3E29AE52B651AD800C031BF /* EditProfileHeader.swift */ = {isa = PBXFileReference; lastKnownFileType = sourcecode.swift; path = EditProfileHeader.swift; sourceTree = "<group>"; };
/* End PBXFileReference section */

/* Begin PBXFrameworksBuildPhase section */
		D3DD62FE2B60CF2B00FF234D /* Frameworks */ = {
			isa = PBXFrameworksBuildPhase;
			buildActionMask = 2147483647;
			files = (
				D342442D2B62B1DD002BE057 /* FirebaseFirestoreSwift in Frameworks */,
				D34244312B62B1DD002BE057 /* FirebaseStorageCombine-Community in Frameworks */,
				D31AEF922B6A508800418E21 /* SDWebImage in Frameworks */,
				D34244252B62B1DD002BE057 /* FirebaseAuth in Frameworks */,
				D342442B2B62B1DD002BE057 /* FirebaseFirestoreCombine-Community in Frameworks */,
				D34244272B62B1DD002BE057 /* FirebaseAuthCombine-Community in Frameworks */,
				D34244292B62B1DD002BE057 /* FirebaseFirestore in Frameworks */,
				D342442F2B62B1DD002BE057 /* FirebaseStorage in Frameworks */,
			);
			runOnlyForDeploymentPostprocessing = 0;
		};
		D3DD63142B60CF2C00FF234D /* Frameworks */ = {
			isa = PBXFrameworksBuildPhase;
			buildActionMask = 2147483647;
			files = (
			);
			runOnlyForDeploymentPostprocessing = 0;
		};
		D3DD631E2B60CF2C00FF234D /* Frameworks */ = {
			isa = PBXFrameworksBuildPhase;
			buildActionMask = 2147483647;
			files = (
			);
			runOnlyForDeploymentPostprocessing = 0;
		};
/* End PBXFrameworksBuildPhase section */

/* Begin PBXGroup section */
		D3137FD32B64C068005CB9EF /* Models */ = {
			isa = PBXGroup;
			children = (
				D3137FD72B64CC41005CB9EF /* TwitterUser.swift */,
				D3D5FF3F2B6AABEB00082907 /* Tweet.swift */,
				D35DC8622B6E921200C6247B /* Comment.swift */,
			);
			path = Models;
			sourceTree = "<group>";
		};
		D3137FD42B64C070005CB9EF /* Extentions */ = {
			isa = PBXGroup;
			children = (
				D3137FD52B64C096005CB9EF /* UIAlertController+Extension.swift */,
			);
			path = Extentions;
			sourceTree = "<group>";
		};
		D34244322B62C66D002BE057 /* OnBoardingVC */ = {
			isa = PBXGroup;
			children = (
				D34244332B62C687002BE057 /* OnBoardingViewController.swift */,
				D34244352B62D665002BE057 /* RegisterViewController.swift */,
				D37C30A42B639F41009FFBB3 /* LoginViewController.swift */,
			);
			path = OnBoardingVC;
			sourceTree = "<group>";
		};
		D37C309E2B63725E009FFBB3 /* ViewModel */ = {
			isa = PBXGroup;
			children = (
				D37C309F2B637276009FFBB3 /* AuthenticationViewModel.swift */,
				D3137FDB2B64D7E6005CB9EF /* HomeViewViewModel.swift */,
				D3137FDF2B64F143005CB9EF /* EditProfileViewViewModel.swift */,
				D356DA252B69353A0070367B /* ProfileViewViewModel.swift */,
				D3D5FF412B6AACA000082907 /* tweetViewViewModel.swift */,
				D35DC8602B6E8CD200C6247B /* FollowViewModel.swift */,
				D35DC8662B6EB55F00C6247B /* DetailsTweetViewModel.swift */,
				D35DC86A2B6EB84900C6247B /* SearchViewModel.swift */,
			);
			path = ViewModel;
			sourceTree = "<group>";
		};
		D37C30A12B637AC0009FFBB3 /* Networking */ = {
			isa = PBXGroup;
			children = (
				D37C30A22B637AD9009FFBB3 /* AuthenticationManager.swift */,
				D3137FD92B64CD9E005CB9EF /* DatabaseManager.swift */,
				D372A7EA2B68F1DA00566F19 /* StorageManager.swift */,
			);
			path = Networking;
			sourceTree = "<group>";
		};
		D38E77422B6139D50035562B /* GeneralVC */ = {
			isa = PBXGroup;
			children = (
				D38E77432B613A120035562B /* ProfileViewController.swift */,
				D3137FDD2B64DBF4005CB9EF /* EditProfileViewController.swift */,
				D320982E2B6A7B0400943EAC /* TweetViewController.swift */,
				D33ABBB12B6CAE3E004DB07A /* SettingViewController.swift */,
				D35DC85C2B6E868200C6247B /* FollowViewController.swift */,
				D35DC8642B6E9F6F00C6247B /* DetailsTweetViewController.swift */,
			);
			path = GeneralVC;
			sourceTree = "<group>";
		};
		D3B843FC2B62B0C800F30FA2 /* Frameworks */ = {
			isa = PBXGroup;
			children = (
			);
			name = Frameworks;
			sourceTree = "<group>";
		};
		D3DD62F82B60CF2B00FF234D = {
			isa = PBXGroup;
			children = (
				D3DD63032B60CF2B00FF234D /* X-Twitter-Clone */,
				D3DD631A2B60CF2C00FF234D /* X-Twitter-CloneTests */,
				D3DD63242B60CF2C00FF234D /* X-Twitter-CloneUITests */,
				D3DD63022B60CF2B00FF234D /* Products */,
				D3B843FC2B62B0C800F30FA2 /* Frameworks */,
			);
			sourceTree = "<group>";
		};
		D3DD63022B60CF2B00FF234D /* Products */ = {
			isa = PBXGroup;
			children = (
				D3DD63012B60CF2B00FF234D /* X-Twitter-Clone.app */,
				D3DD63172B60CF2C00FF234D /* X-Twitter-CloneTests.xctest */,
				D3DD63212B60CF2C00FF234D /* X-Twitter-CloneUITests.xctest */,
			);
			name = Products;
			sourceTree = "<group>";
		};
		D3DD63032B60CF2B00FF234D /* X-Twitter-Clone */ = {
			isa = PBXGroup;
			children = (
				D3137FD42B64C070005CB9EF /* Extentions */,
				D3137FD32B64C068005CB9EF /* Models */,
				D37C30A12B637AC0009FFBB3 /* Networking */,
				D37C309E2B63725E009FFBB3 /* ViewModel */,
				D3DD633E2B60DFFB00FF234D /* Sub views */,
				D3DD63342B60D12B00FF234D /* Controllers */,
				D3DD63042B60CF2B00FF234D /* AppDelegate.swift */,
				D3DD63062B60CF2B00FF234D /* SceneDelegate.swift */,
				D3DD630D2B60CF2C00FF234D /* Assets.xcassets */,
				D3DD630F2B60CF2C00FF234D /* LaunchScreen.storyboard */,
				D3DD63122B60CF2C00FF234D /* Info.plist */,
				D302B3462B62ACE6005DCF85 /* GoogleService-Info.plist */,
			);
			path = "X-Twitter-Clone";
			sourceTree = "<group>";
		};
		D3DD631A2B60CF2C00FF234D /* X-Twitter-CloneTests */ = {
			isa = PBXGroup;
			children = (
				D3DD631B2B60CF2C00FF234D /* X_Twitter_CloneTests.swift */,
			);
			path = "X-Twitter-CloneTests";
			sourceTree = "<group>";
		};
		D3DD63242B60CF2C00FF234D /* X-Twitter-CloneUITests */ = {
			isa = PBXGroup;
			children = (
				D3DD63252B60CF2C00FF234D /* X_Twitter_CloneUITests.swift */,
				D3DD63272B60CF2C00FF234D /* X_Twitter_CloneUITestsLaunchTests.swift */,
			);
			path = "X-Twitter-CloneUITests";
			sourceTree = "<group>";
		};
		D3DD63342B60D12B00FF234D /* Controllers */ = {
			isa = PBXGroup;
			children = (
				D34244322B62C66D002BE057 /* OnBoardingVC */,
				D38E77422B6139D50035562B /* GeneralVC */,
				D3DD63352B60D13A00FF234D /* TabBarCoreVC */,
			);
			path = Controllers;
			sourceTree = "<group>";
		};
		D3DD63352B60D13A00FF234D /* TabBarCoreVC */ = {
			isa = PBXGroup;
			children = (
				D3DD63082B60CF2B00FF234D /* MainTabBarView.swift */,
				D3DD63362B60D16800FF234D /* HomeViewController.swift */,
				D3DD63382B60D19300FF234D /* SearchViewController.swift */,
				D3DD633A2B60D1A000FF234D /* NotaficationViewController.swift */,
				D3DD633C2B60D1AE00FF234D /* DirectMessageViewController.swift */,
			);
			path = TabBarCoreVC;
			sourceTree = "<group>";
		};
		D3DD633E2B60DFFB00FF234D /* Sub views */ = {
			isa = PBXGroup;
			children = (
				D3DD633F2B60E02700FF234D /* TweetTableViewCell.swift */,
				D3883E6A2B61525F0057C1E1 /* ProfileTabelViewHeader.swift */,
				D3E29AE32B6518E300C031BF /* EditProfileTableViewCell.swift */,
				D3E29AE52B651AD800C031BF /* EditProfileHeader.swift */,
				D35DC85E2B6E8C7300C6247B /* FollowTableViewCell.swift */,
				D35DC8682B6EB67B00C6247B /* DetailsTweetViewHeader.swift */,
			);
			path = "Sub views";
			sourceTree = "<group>";
		};
/* End PBXGroup section */

/* Begin PBXNativeTarget section */
		D3DD63002B60CF2B00FF234D /* X-Twitter-Clone */ = {
			isa = PBXNativeTarget;
			buildConfigurationList = D3DD632B2B60CF2C00FF234D /* Build configuration list for PBXNativeTarget "X-Twitter-Clone" */;
			buildPhases = (
				D3DD62FD2B60CF2B00FF234D /* Sources */,
				D3DD62FE2B60CF2B00FF234D /* Frameworks */,
				D3DD62FF2B60CF2B00FF234D /* Resources */,
			);
			buildRules = (
			);
			dependencies = (
			);
			name = "X-Twitter-Clone";
			packageProductDependencies = (
				D34244242B62B1DD002BE057 /* FirebaseAuth */,
				D34244262B62B1DD002BE057 /* FirebaseAuthCombine-Community */,
				D34244282B62B1DD002BE057 /* FirebaseFirestore */,
				D342442A2B62B1DD002BE057 /* FirebaseFirestoreCombine-Community */,
				D342442C2B62B1DD002BE057 /* FirebaseFirestoreSwift */,
				D342442E2B62B1DD002BE057 /* FirebaseStorage */,
				D34244302B62B1DD002BE057 /* FirebaseStorageCombine-Community */,
				D31AEF912B6A508800418E21 /* SDWebImage */,
			);
			productName = "X-Twitter-Clone";
			productReference = D3DD63012B60CF2B00FF234D /* X-Twitter-Clone.app */;
			productType = "com.apple.product-type.application";
		};
		D3DD63162B60CF2C00FF234D /* X-Twitter-CloneTests */ = {
			isa = PBXNativeTarget;
			buildConfigurationList = D3DD632E2B60CF2C00FF234D /* Build configuration list for PBXNativeTarget "X-Twitter-CloneTests" */;
			buildPhases = (
				D3DD63132B60CF2C00FF234D /* Sources */,
				D3DD63142B60CF2C00FF234D /* Frameworks */,
				D3DD63152B60CF2C00FF234D /* Resources */,
			);
			buildRules = (
			);
			dependencies = (
				D3DD63192B60CF2C00FF234D /* PBXTargetDependency */,
			);
			name = "X-Twitter-CloneTests";
			productName = "X-Twitter-CloneTests";
			productReference = D3DD63172B60CF2C00FF234D /* X-Twitter-CloneTests.xctest */;
			productType = "com.apple.product-type.bundle.unit-test";
		};
		D3DD63202B60CF2C00FF234D /* X-Twitter-CloneUITests */ = {
			isa = PBXNativeTarget;
			buildConfigurationList = D3DD63312B60CF2C00FF234D /* Build configuration list for PBXNativeTarget "X-Twitter-CloneUITests" */;
			buildPhases = (
				D3DD631D2B60CF2C00FF234D /* Sources */,
				D3DD631E2B60CF2C00FF234D /* Frameworks */,
				D3DD631F2B60CF2C00FF234D /* Resources */,
			);
			buildRules = (
			);
			dependencies = (
				D3DD63232B60CF2C00FF234D /* PBXTargetDependency */,
			);
			name = "X-Twitter-CloneUITests";
			productName = "X-Twitter-CloneUITests";
			productReference = D3DD63212B60CF2C00FF234D /* X-Twitter-CloneUITests.xctest */;
			productType = "com.apple.product-type.bundle.ui-testing";
		};
/* End PBXNativeTarget section */

/* Begin PBXProject section */
		D3DD62F92B60CF2B00FF234D /* Project object */ = {
			isa = PBXProject;
			attributes = {
				BuildIndependentTargetsInParallel = 1;
				LastSwiftUpdateCheck = 1520;
				LastUpgradeCheck = 1520;
				TargetAttributes = {
					D3DD63002B60CF2B00FF234D = {
						CreatedOnToolsVersion = 15.2;
					};
					D3DD63162B60CF2C00FF234D = {
						CreatedOnToolsVersion = 15.2;
						TestTargetID = D3DD63002B60CF2B00FF234D;
					};
					D3DD63202B60CF2C00FF234D = {
						CreatedOnToolsVersion = 15.2;
						TestTargetID = D3DD63002B60CF2B00FF234D;
					};
				};
			};
			buildConfigurationList = D3DD62FC2B60CF2B00FF234D /* Build configuration list for PBXProject "X-Twitter-Clone" */;
			compatibilityVersion = "Xcode 14.0";
			developmentRegion = en;
			hasScannedForEncodings = 0;
			knownRegions = (
				en,
				Base,
			);
			mainGroup = D3DD62F82B60CF2B00FF234D;
			packageReferences = (
				D302B3482B62AE76005DCF85 /* XCRemoteSwiftPackageReference "firebase-ios-sdk" */,
				D31AEF902B6A508800418E21 /* XCRemoteSwiftPackageReference "SDWebImage" */,
			);
			productRefGroup = D3DD63022B60CF2B00FF234D /* Products */;
			projectDirPath = "";
			projectRoot = "";
			targets = (
				D3DD63002B60CF2B00FF234D /* X-Twitter-Clone */,
				D3DD63162B60CF2C00FF234D /* X-Twitter-CloneTests */,
				D3DD63202B60CF2C00FF234D /* X-Twitter-CloneUITests */,
			);
		};
/* End PBXProject section */

/* Begin PBXResourcesBuildPhase section */
		D3DD62FF2B60CF2B00FF234D /* Resources */ = {
			isa = PBXResourcesBuildPhase;
			buildActionMask = 2147483647;
			files = (
				D3DD63112B60CF2C00FF234D /* LaunchScreen.storyboard in Resources */,
				D3DD630E2B60CF2C00FF234D /* Assets.xcassets in Resources */,
				D302B3472B62ACE6005DCF85 /* GoogleService-Info.plist in Resources */,
			);
			runOnlyForDeploymentPostprocessing = 0;
		};
		D3DD63152B60CF2C00FF234D /* Resources */ = {
			isa = PBXResourcesBuildPhase;
			buildActionMask = 2147483647;
			files = (
			);
			runOnlyForDeploymentPostprocessing = 0;
		};
		D3DD631F2B60CF2C00FF234D /* Resources */ = {
			isa = PBXResourcesBuildPhase;
			buildActionMask = 2147483647;
			files = (
			);
			runOnlyForDeploymentPostprocessing = 0;
		};
/* End PBXResourcesBuildPhase section */

/* Begin PBXSourcesBuildPhase section */
		D3DD62FD2B60CF2B00FF234D /* Sources */ = {
			isa = PBXSourcesBuildPhase;
			buildActionMask = 2147483647;
			files = (
				D33ABBB22B6CAE3E004DB07A /* SettingViewController.swift in Sources */,
				D37C30A02B637276009FFBB3 /* AuthenticationViewModel.swift in Sources */,
				D3DD633B2B60D1A000FF234D /* NotaficationViewController.swift in Sources */,
				D3DD63392B60D19300FF234D /* SearchViewController.swift in Sources */,
				D35DC86B2B6EB84900C6247B /* SearchViewModel.swift in Sources */,
				D37C30A52B639F41009FFBB3 /* LoginViewController.swift in Sources */,
				D3DD63092B60CF2B00FF234D /* MainTabBarView.swift in Sources */,
				D34244362B62D665002BE057 /* RegisterViewController.swift in Sources */,
				D35DC8672B6EB55F00C6247B /* DetailsTweetViewModel.swift in Sources */,
				D3DD63052B60CF2B00FF234D /* AppDelegate.swift in Sources */,
				D3D5FF422B6AACA000082907 /* tweetViewViewModel.swift in Sources */,
				D356DA262B69353A0070367B /* ProfileViewViewModel.swift in Sources */,
				D3137FD82B64CC41005CB9EF /* TwitterUser.swift in Sources */,
				D3137FDE2B64DBF4005CB9EF /* EditProfileViewController.swift in Sources */,
				D320982F2B6A7B0400943EAC /* TweetViewController.swift in Sources */,
				D3137FDA2B64CD9E005CB9EF /* DatabaseManager.swift in Sources */,
				D3E29AE62B651AD800C031BF /* EditProfileHeader.swift in Sources */,
				D35DC8612B6E8CD200C6247B /* FollowViewModel.swift in Sources */,
				D35DC8652B6E9F6F00C6247B /* DetailsTweetViewController.swift in Sources */,
				D35DC8692B6EB67B00C6247B /* DetailsTweetViewHeader.swift in Sources */,
				D3883E6B2B61525F0057C1E1 /* ProfileTabelViewHeader.swift in Sources */,
				D3E29AE42B6518E300C031BF /* EditProfileTableViewCell.swift in Sources */,
				D3DD633D2B60D1AE00FF234D /* DirectMessageViewController.swift in Sources */,
				D3DD63072B60CF2B00FF234D /* SceneDelegate.swift in Sources */,
				D372A7EB2B68F1DA00566F19 /* StorageManager.swift in Sources */,
				D35DC85F2B6E8C7300C6247B /* FollowTableViewCell.swift in Sources */,
				D3137FD62B64C096005CB9EF /* UIAlertController+Extension.swift in Sources */,
				D37C30A32B637AD9009FFBB3 /* AuthenticationManager.swift in Sources */,
				D38E77442B613A120035562B /* ProfileViewController.swift in Sources */,
				D3D5FF402B6AABEB00082907 /* Tweet.swift in Sources */,
				D3137FE02B64F144005CB9EF /* EditProfileViewViewModel.swift in Sources */,
				D3DD63372B60D16800FF234D /* HomeViewController.swift in Sources */,
				D3DD63402B60E02700FF234D /* TweetTableViewCell.swift in Sources */,
				D35DC85D2B6E868200C6247B /* FollowViewController.swift in Sources */,
				D34244342B62C687002BE057 /* OnBoardingViewController.swift in Sources */,
				D35DC8632B6E921200C6247B /* Comment.swift in Sources */,
				D3137FDC2B64D7E6005CB9EF /* HomeViewViewModel.swift in Sources */,
			);
			runOnlyForDeploymentPostprocessing = 0;
		};
		D3DD63132B60CF2C00FF234D /* Sources */ = {
			isa = PBXSourcesBuildPhase;
			buildActionMask = 2147483647;
			files = (
				D3DD631C2B60CF2C00FF234D /* X_Twitter_CloneTests.swift in Sources */,
			);
			runOnlyForDeploymentPostprocessing = 0;
		};
		D3DD631D2B60CF2C00FF234D /* Sources */ = {
			isa = PBXSourcesBuildPhase;
			buildActionMask = 2147483647;
			files = (
				D3DD63262B60CF2C00FF234D /* X_Twitter_CloneUITests.swift in Sources */,
				D3DD63282B60CF2C00FF234D /* X_Twitter_CloneUITestsLaunchTests.swift in Sources */,
			);
			runOnlyForDeploymentPostprocessing = 0;
		};
/* End PBXSourcesBuildPhase section */

/* Begin PBXTargetDependency section */
		D3DD63192B60CF2C00FF234D /* PBXTargetDependency */ = {
			isa = PBXTargetDependency;
			target = D3DD63002B60CF2B00FF234D /* X-Twitter-Clone */;
			targetProxy = D3DD63182B60CF2C00FF234D /* PBXContainerItemProxy */;
		};
		D3DD63232B60CF2C00FF234D /* PBXTargetDependency */ = {
			isa = PBXTargetDependency;
			target = D3DD63002B60CF2B00FF234D /* X-Twitter-Clone */;
			targetProxy = D3DD63222B60CF2C00FF234D /* PBXContainerItemProxy */;
		};
/* End PBXTargetDependency section */

/* Begin PBXVariantGroup section */
		D3DD630F2B60CF2C00FF234D /* LaunchScreen.storyboard */ = {
			isa = PBXVariantGroup;
			children = (
				D3DD63102B60CF2C00FF234D /* Base */,
			);
			name = LaunchScreen.storyboard;
			sourceTree = "<group>";
		};
/* End PBXVariantGroup section */

/* Begin XCBuildConfiguration section */
		D3DD63292B60CF2C00FF234D /* Debug */ = {
			isa = XCBuildConfiguration;
			buildSettings = {
				ALWAYS_SEARCH_USER_PATHS = NO;
				ASSETCATALOG_COMPILER_GENERATE_SWIFT_ASSET_SYMBOL_EXTENSIONS = YES;
				CLANG_ANALYZER_NONNULL = YES;
				CLANG_ANALYZER_NUMBER_OBJECT_CONVERSION = YES_AGGRESSIVE;
				CLANG_CXX_LANGUAGE_STANDARD = "gnu++20";
				CLANG_ENABLE_MODULES = YES;
				CLANG_ENABLE_OBJC_ARC = YES;
				CLANG_ENABLE_OBJC_WEAK = YES;
				CLANG_WARN_BLOCK_CAPTURE_AUTORELEASING = YES;
				CLANG_WARN_BOOL_CONVERSION = YES;
				CLANG_WARN_COMMA = YES;
				CLANG_WARN_CONSTANT_CONVERSION = YES;
				CLANG_WARN_DEPRECATED_OBJC_IMPLEMENTATIONS = YES;
				CLANG_WARN_DIRECT_OBJC_ISA_USAGE = YES_ERROR;
				CLANG_WARN_DOCUMENTATION_COMMENTS = YES;
				CLANG_WARN_EMPTY_BODY = YES;
				CLANG_WARN_ENUM_CONVERSION = YES;
				CLANG_WARN_INFINITE_RECURSION = YES;
				CLANG_WARN_INT_CONVERSION = YES;
				CLANG_WARN_NON_LITERAL_NULL_CONVERSION = YES;
				CLANG_WARN_OBJC_IMPLICIT_RETAIN_SELF = YES;
				CLANG_WARN_OBJC_LITERAL_CONVERSION = YES;
				CLANG_WARN_OBJC_ROOT_CLASS = YES_ERROR;
				CLANG_WARN_QUOTED_INCLUDE_IN_FRAMEWORK_HEADER = YES;
				CLANG_WARN_RANGE_LOOP_ANALYSIS = YES;
				CLANG_WARN_STRICT_PROTOTYPES = YES;
				CLANG_WARN_SUSPICIOUS_MOVE = YES;
				CLANG_WARN_UNGUARDED_AVAILABILITY = YES_AGGRESSIVE;
				CLANG_WARN_UNREACHABLE_CODE = YES;
				CLANG_WARN__DUPLICATE_METHOD_MATCH = YES;
				COPY_PHASE_STRIP = NO;
				DEBUG_INFORMATION_FORMAT = dwarf;
				ENABLE_STRICT_OBJC_MSGSEND = YES;
				ENABLE_TESTABILITY = YES;
				ENABLE_USER_SCRIPT_SANDBOXING = YES;
				GCC_C_LANGUAGE_STANDARD = gnu17;
				GCC_DYNAMIC_NO_PIC = NO;
				GCC_NO_COMMON_BLOCKS = YES;
				GCC_OPTIMIZATION_LEVEL = 0;
				GCC_PREPROCESSOR_DEFINITIONS = (
					"DEBUG=1",
					"$(inherited)",
				);
				GCC_WARN_64_TO_32_BIT_CONVERSION = YES;
				GCC_WARN_ABOUT_RETURN_TYPE = YES_ERROR;
				GCC_WARN_UNDECLARED_SELECTOR = YES;
				GCC_WARN_UNINITIALIZED_AUTOS = YES_AGGRESSIVE;
				GCC_WARN_UNUSED_FUNCTION = YES;
				GCC_WARN_UNUSED_VARIABLE = YES;
				IPHONEOS_DEPLOYMENT_TARGET = 17.2;
				LOCALIZATION_PREFERS_STRING_CATALOGS = YES;
				MTL_ENABLE_DEBUG_INFO = INCLUDE_SOURCE;
				MTL_FAST_MATH = YES;
				ONLY_ACTIVE_ARCH = YES;
				SDKROOT = iphoneos;
				SWIFT_ACTIVE_COMPILATION_CONDITIONS = "DEBUG $(inherited)";
				SWIFT_OPTIMIZATION_LEVEL = "-Onone";
			};
			name = Debug;
		};
		D3DD632A2B60CF2C00FF234D /* Release */ = {
			isa = XCBuildConfiguration;
			buildSettings = {
				ALWAYS_SEARCH_USER_PATHS = NO;
				ASSETCATALOG_COMPILER_GENERATE_SWIFT_ASSET_SYMBOL_EXTENSIONS = YES;
				CLANG_ANALYZER_NONNULL = YES;
				CLANG_ANALYZER_NUMBER_OBJECT_CONVERSION = YES_AGGRESSIVE;
				CLANG_CXX_LANGUAGE_STANDARD = "gnu++20";
				CLANG_ENABLE_MODULES = YES;
				CLANG_ENABLE_OBJC_ARC = YES;
				CLANG_ENABLE_OBJC_WEAK = YES;
				CLANG_WARN_BLOCK_CAPTURE_AUTORELEASING = YES;
				CLANG_WARN_BOOL_CONVERSION = YES;
				CLANG_WARN_COMMA = YES;
				CLANG_WARN_CONSTANT_CONVERSION = YES;
				CLANG_WARN_DEPRECATED_OBJC_IMPLEMENTATIONS = YES;
				CLANG_WARN_DIRECT_OBJC_ISA_USAGE = YES_ERROR;
				CLANG_WARN_DOCUMENTATION_COMMENTS = YES;
				CLANG_WARN_EMPTY_BODY = YES;
				CLANG_WARN_ENUM_CONVERSION = YES;
				CLANG_WARN_INFINITE_RECURSION = YES;
				CLANG_WARN_INT_CONVERSION = YES;
				CLANG_WARN_NON_LITERAL_NULL_CONVERSION = YES;
				CLANG_WARN_OBJC_IMPLICIT_RETAIN_SELF = YES;
				CLANG_WARN_OBJC_LITERAL_CONVERSION = YES;
				CLANG_WARN_OBJC_ROOT_CLASS = YES_ERROR;
				CLANG_WARN_QUOTED_INCLUDE_IN_FRAMEWORK_HEADER = YES;
				CLANG_WARN_RANGE_LOOP_ANALYSIS = YES;
				CLANG_WARN_STRICT_PROTOTYPES = YES;
				CLANG_WARN_SUSPICIOUS_MOVE = YES;
				CLANG_WARN_UNGUARDED_AVAILABILITY = YES_AGGRESSIVE;
				CLANG_WARN_UNREACHABLE_CODE = YES;
				CLANG_WARN__DUPLICATE_METHOD_MATCH = YES;
				COPY_PHASE_STRIP = NO;
				DEBUG_INFORMATION_FORMAT = "dwarf-with-dsym";
				ENABLE_NS_ASSERTIONS = NO;
				ENABLE_STRICT_OBJC_MSGSEND = YES;
				ENABLE_USER_SCRIPT_SANDBOXING = YES;
				GCC_C_LANGUAGE_STANDARD = gnu17;
				GCC_NO_COMMON_BLOCKS = YES;
				GCC_WARN_64_TO_32_BIT_CONVERSION = YES;
				GCC_WARN_ABOUT_RETURN_TYPE = YES_ERROR;
				GCC_WARN_UNDECLARED_SELECTOR = YES;
				GCC_WARN_UNINITIALIZED_AUTOS = YES_AGGRESSIVE;
				GCC_WARN_UNUSED_FUNCTION = YES;
				GCC_WARN_UNUSED_VARIABLE = YES;
				IPHONEOS_DEPLOYMENT_TARGET = 17.2;
				LOCALIZATION_PREFERS_STRING_CATALOGS = YES;
				MTL_ENABLE_DEBUG_INFO = NO;
				MTL_FAST_MATH = YES;
				SDKROOT = iphoneos;
				SWIFT_COMPILATION_MODE = wholemodule;
				VALIDATE_PRODUCT = YES;
			};
			name = Release;
		};
		D3DD632C2B60CF2C00FF234D /* Debug */ = {
			isa = XCBuildConfiguration;
			buildSettings = {
				ASSETCATALOG_COMPILER_APPICON_NAME = AppIcon;
				ASSETCATALOG_COMPILER_GLOBAL_ACCENT_COLOR_NAME = AccentColor;
				CODE_SIGN_STYLE = Automatic;
				CURRENT_PROJECT_VERSION = 1;
				DEVELOPMENT_TEAM = Y9WFT4L662;
				GENERATE_INFOPLIST_FILE = YES;
				INFOPLIST_FILE = "X-Twitter-Clone/Info.plist";
				INFOPLIST_KEY_UIApplicationSupportsIndirectInputEvents = YES;
				INFOPLIST_KEY_UILaunchStoryboardName = LaunchScreen;
				INFOPLIST_KEY_UISupportedInterfaceOrientations_iPad = "UIInterfaceOrientationPortrait UIInterfaceOrientationPortraitUpsideDown UIInterfaceOrientationLandscapeLeft UIInterfaceOrientationLandscapeRight";
				INFOPLIST_KEY_UISupportedInterfaceOrientations_iPhone = "UIInterfaceOrientationPortrait UIInterfaceOrientationLandscapeLeft UIInterfaceOrientationLandscapeRight";
				LD_RUNPATH_SEARCH_PATHS = (
					"$(inherited)",
					"@executable_path/Frameworks",
				);
				MARKETING_VERSION = 1.0;
				PRODUCT_BUNDLE_IDENTIFIER = "Mohamed-Abd-Elhakam.X-Twitter-Clone";
				PRODUCT_NAME = "$(TARGET_NAME)";
				SWIFT_EMIT_LOC_STRINGS = YES;
				SWIFT_VERSION = 5.0;
				TARGETED_DEVICE_FAMILY = "1,2";
			};
			name = Debug;
		};
		D3DD632D2B60CF2C00FF234D /* Release */ = {
			isa = XCBuildConfiguration;
			buildSettings = {
				ASSETCATALOG_COMPILER_APPICON_NAME = AppIcon;
				ASSETCATALOG_COMPILER_GLOBAL_ACCENT_COLOR_NAME = AccentColor;
				CODE_SIGN_STYLE = Automatic;
				CURRENT_PROJECT_VERSION = 1;
				DEVELOPMENT_TEAM = Y9WFT4L662;
				GENERATE_INFOPLIST_FILE = YES;
				INFOPLIST_FILE = "X-Twitter-Clone/Info.plist";
				INFOPLIST_KEY_UIApplicationSupportsIndirectInputEvents = YES;
				INFOPLIST_KEY_UILaunchStoryboardName = LaunchScreen;
				INFOPLIST_KEY_UISupportedInterfaceOrientations_iPad = "UIInterfaceOrientationPortrait UIInterfaceOrientationPortraitUpsideDown UIInterfaceOrientationLandscapeLeft UIInterfaceOrientationLandscapeRight";
				INFOPLIST_KEY_UISupportedInterfaceOrientations_iPhone = "UIInterfaceOrientationPortrait UIInterfaceOrientationLandscapeLeft UIInterfaceOrientationLandscapeRight";
				LD_RUNPATH_SEARCH_PATHS = (
					"$(inherited)",
					"@executable_path/Frameworks",
				);
				MARKETING_VERSION = 1.0;
				PRODUCT_BUNDLE_IDENTIFIER = "Mohamed-Abd-Elhakam.X-Twitter-Clone";
				PRODUCT_NAME = "$(TARGET_NAME)";
				SWIFT_EMIT_LOC_STRINGS = YES;
				SWIFT_VERSION = 5.0;
				TARGETED_DEVICE_FAMILY = "1,2";
			};
			name = Release;
		};
		D3DD632F2B60CF2C00FF234D /* Debug */ = {
			isa = XCBuildConfiguration;
			buildSettings = {
				ALWAYS_EMBED_SWIFT_STANDARD_LIBRARIES = YES;
				BUNDLE_LOADER = "$(TEST_HOST)";
				CODE_SIGN_STYLE = Automatic;
				CURRENT_PROJECT_VERSION = 1;
				DEVELOPMENT_TEAM = Y9WFT4L662;
				GENERATE_INFOPLIST_FILE = YES;
				IPHONEOS_DEPLOYMENT_TARGET = 17.2;
				MARKETING_VERSION = 1.0;
				PRODUCT_BUNDLE_IDENTIFIER = "Mohamed-Abd-Elhakam.X-Twitter-CloneTests";
				PRODUCT_NAME = "$(TARGET_NAME)";
				SWIFT_EMIT_LOC_STRINGS = NO;
				SWIFT_VERSION = 5.0;
				TARGETED_DEVICE_FAMILY = "1,2";
				TEST_HOST = "$(BUILT_PRODUCTS_DIR)/X-Twitter-Clone.app/$(BUNDLE_EXECUTABLE_FOLDER_PATH)/X-Twitter-Clone";
			};
			name = Debug;
		};
		D3DD63302B60CF2C00FF234D /* Release */ = {
			isa = XCBuildConfiguration;
			buildSettings = {
				ALWAYS_EMBED_SWIFT_STANDARD_LIBRARIES = YES;
				BUNDLE_LOADER = "$(TEST_HOST)";
				CODE_SIGN_STYLE = Automatic;
				CURRENT_PROJECT_VERSION = 1;
				DEVELOPMENT_TEAM = Y9WFT4L662;
				GENERATE_INFOPLIST_FILE = YES;
				IPHONEOS_DEPLOYMENT_TARGET = 17.2;
				MARKETING_VERSION = 1.0;
				PRODUCT_BUNDLE_IDENTIFIER = "Mohamed-Abd-Elhakam.X-Twitter-CloneTests";
				PRODUCT_NAME = "$(TARGET_NAME)";
				SWIFT_EMIT_LOC_STRINGS = NO;
				SWIFT_VERSION = 5.0;
				TARGETED_DEVICE_FAMILY = "1,2";
				TEST_HOST = "$(BUILT_PRODUCTS_DIR)/X-Twitter-Clone.app/$(BUNDLE_EXECUTABLE_FOLDER_PATH)/X-Twitter-Clone";
			};
			name = Release;
		};
		D3DD63322B60CF2C00FF234D /* Debug */ = {
			isa = XCBuildConfiguration;
			buildSettings = {
				ALWAYS_EMBED_SWIFT_STANDARD_LIBRARIES = YES;
				CODE_SIGN_STYLE = Automatic;
				CURRENT_PROJECT_VERSION = 1;
				DEVELOPMENT_TEAM = Y9WFT4L662;
				GENERATE_INFOPLIST_FILE = YES;
				MARKETING_VERSION = 1.0;
				PRODUCT_BUNDLE_IDENTIFIER = "Mohamed-Abd-Elhakam.X-Twitter-CloneUITests";
				PRODUCT_NAME = "$(TARGET_NAME)";
				SWIFT_EMIT_LOC_STRINGS = NO;
				SWIFT_VERSION = 5.0;
				TARGETED_DEVICE_FAMILY = "1,2";
				TEST_TARGET_NAME = "X-Twitter-Clone";
			};
			name = Debug;
		};
		D3DD63332B60CF2C00FF234D /* Release */ = {
			isa = XCBuildConfiguration;
			buildSettings = {
				ALWAYS_EMBED_SWIFT_STANDARD_LIBRARIES = YES;
				CODE_SIGN_STYLE = Automatic;
				CURRENT_PROJECT_VERSION = 1;
				DEVELOPMENT_TEAM = Y9WFT4L662;
				GENERATE_INFOPLIST_FILE = YES;
				MARKETING_VERSION = 1.0;
				PRODUCT_BUNDLE_IDENTIFIER = "Mohamed-Abd-Elhakam.X-Twitter-CloneUITests";
				PRODUCT_NAME = "$(TARGET_NAME)";
				SWIFT_EMIT_LOC_STRINGS = NO;
				SWIFT_VERSION = 5.0;
				TARGETED_DEVICE_FAMILY = "1,2";
				TEST_TARGET_NAME = "X-Twitter-Clone";
			};
			name = Release;
		};
/* End XCBuildConfiguration section */

/* Begin XCConfigurationList section */
		D3DD62FC2B60CF2B00FF234D /* Build configuration list for PBXProject "X-Twitter-Clone" */ = {
			isa = XCConfigurationList;
			buildConfigurations = (
				D3DD63292B60CF2C00FF234D /* Debug */,
				D3DD632A2B60CF2C00FF234D /* Release */,
			);
			defaultConfigurationIsVisible = 0;
			defaultConfigurationName = Release;
		};
		D3DD632B2B60CF2C00FF234D /* Build configuration list for PBXNativeTarget "X-Twitter-Clone" */ = {
			isa = XCConfigurationList;
			buildConfigurations = (
				D3DD632C2B60CF2C00FF234D /* Debug */,
				D3DD632D2B60CF2C00FF234D /* Release */,
			);
			defaultConfigurationIsVisible = 0;
			defaultConfigurationName = Release;
		};
		D3DD632E2B60CF2C00FF234D /* Build configuration list for PBXNativeTarget "X-Twitter-CloneTests" */ = {
			isa = XCConfigurationList;
			buildConfigurations = (
				D3DD632F2B60CF2C00FF234D /* Debug */,
				D3DD63302B60CF2C00FF234D /* Release */,
			);
			defaultConfigurationIsVisible = 0;
			defaultConfigurationName = Release;
		};
		D3DD63312B60CF2C00FF234D /* Build configuration list for PBXNativeTarget "X-Twitter-CloneUITests" */ = {
			isa = XCConfigurationList;
			buildConfigurations = (
				D3DD63322B60CF2C00FF234D /* Debug */,
				D3DD63332B60CF2C00FF234D /* Release */,
			);
			defaultConfigurationIsVisible = 0;
			defaultConfigurationName = Release;
		};
/* End XCConfigurationList section */

/* Begin XCRemoteSwiftPackageReference section */
		D302B3482B62AE76005DCF85 /* XCRemoteSwiftPackageReference "firebase-ios-sdk" */ = {
			isa = XCRemoteSwiftPackageReference;
			repositoryURL = "https://github.com/firebase/firebase-ios-sdk.git";
			requirement = {
				kind = upToNextMinorVersion;
				minimumVersion = 10.20.0;
			};
		};
		D31AEF902B6A508800418E21 /* XCRemoteSwiftPackageReference "SDWebImage" */ = {
			isa = XCRemoteSwiftPackageReference;
			repositoryURL = "https://github.com/SDWebImage/SDWebImage.git";
			requirement = {
				kind = upToNextMajorVersion;
				minimumVersion = 5.18.10;
			};
		};
/* End XCRemoteSwiftPackageReference section */

/* Begin XCSwiftPackageProductDependency section */
		D31AEF912B6A508800418E21 /* SDWebImage */ = {
			isa = XCSwiftPackageProductDependency;
			package = D31AEF902B6A508800418E21 /* XCRemoteSwiftPackageReference "SDWebImage" */;
			productName = SDWebImage;
		};
		D34244242B62B1DD002BE057 /* FirebaseAuth */ = {
			isa = XCSwiftPackageProductDependency;
			package = D302B3482B62AE76005DCF85 /* XCRemoteSwiftPackageReference "firebase-ios-sdk" */;
			productName = FirebaseAuth;
		};
		D34244262B62B1DD002BE057 /* FirebaseAuthCombine-Community */ = {
			isa = XCSwiftPackageProductDependency;
			package = D302B3482B62AE76005DCF85 /* XCRemoteSwiftPackageReference "firebase-ios-sdk" */;
			productName = "FirebaseAuthCombine-Community";
		};
		D34244282B62B1DD002BE057 /* FirebaseFirestore */ = {
			isa = XCSwiftPackageProductDependency;
			package = D302B3482B62AE76005DCF85 /* XCRemoteSwiftPackageReference "firebase-ios-sdk" */;
			productName = FirebaseFirestore;
		};
		D342442A2B62B1DD002BE057 /* FirebaseFirestoreCombine-Community */ = {
			isa = XCSwiftPackageProductDependency;
			package = D302B3482B62AE76005DCF85 /* XCRemoteSwiftPackageReference "firebase-ios-sdk" */;
			productName = "FirebaseFirestoreCombine-Community";
		};
		D342442C2B62B1DD002BE057 /* FirebaseFirestoreSwift */ = {
			isa = XCSwiftPackageProductDependency;
			package = D302B3482B62AE76005DCF85 /* XCRemoteSwiftPackageReference "firebase-ios-sdk" */;
			productName = FirebaseFirestoreSwift;
		};
		D342442E2B62B1DD002BE057 /* FirebaseStorage */ = {
			isa = XCSwiftPackageProductDependency;
			package = D302B3482B62AE76005DCF85 /* XCRemoteSwiftPackageReference "firebase-ios-sdk" */;
			productName = FirebaseStorage;
		};
		D34244302B62B1DD002BE057 /* FirebaseStorageCombine-Community */ = {
			isa = XCSwiftPackageProductDependency;
			package = D302B3482B62AE76005DCF85 /* XCRemoteSwiftPackageReference "firebase-ios-sdk" */;
			productName = "FirebaseStorageCombine-Community";
		};
/* End XCSwiftPackageProductDependency section */
	};
	rootObject = D3DD62F92B60CF2B00FF234D /* Project object */;
}
