// !$*UTF8*$!
{
	archiveVersion = 1;
	classes = {
	};
	objectVersion = 56;
	objects = {

/* Begin PBXBuildFile section */
		D3DD63052B60CF2B00FF234D /* AppDelegate.swift in Sources */ = {isa = PBXBuildFile; fileRef = D3DD63042B60CF2B00FF234D /* AppDelegate.swift */; };
		D3DD63072B60CF2B00FF234D /* SceneDelegate.swift in Sources */ = {isa = PBXBuildFile; fileRef = D3DD63062B60CF2B00FF234D /* SceneDelegate.swift */; };
		D3DD63092B60CF2B00FF234D /* ViewController.swift in Sources */ = {isa = PBXBuildFile; fileRef = D3DD63082B60CF2B00FF234D /* ViewController.swift */; };
		D3DD630C2B60CF2B00FF234D /* Main.storyboard in Resources */ = {isa = PBXBuildFile; fileRef = D3DD630A2B60CF2B00FF234D /* Main.storyboard */; };
		D3DD630E2B60CF2C00FF234D /* Assets.xcassets in Resources */ = {isa = PBXBuildFile; fileRef = D3DD630D2B60CF2C00FF234D /* Assets.xcassets */; };
		D3DD63112B60CF2C00FF234D /* LaunchScreen.storyboard in Resources */ = {isa = PBXBuildFile; fileRef = D3DD630F2B60CF2C00FF234D /* LaunchScreen.storyboard */; };
		D3DD631C2B60CF2C00FF234D /* X_Twitter_CloneTests.swift in Sources */ = {isa = PBXBuildFile; fileRef = D3DD631B2B60CF2C00FF234D /* X_Twitter_CloneTests.swift */; };
		D3DD63262B60CF2C00FF234D /* X_Twitter_CloneUITests.swift in Sources */ = {isa = PBXBuildFile; fileRef = D3DD63252B60CF2C00FF234D /* X_Twitter_CloneUITests.swift */; };
		D3DD63282B60CF2C00FF234D /* X_Twitter_CloneUITestsLaunchTests.swift in Sources */ = {isa = PBXBuildFile; fileRef = D3DD63272B60CF2C00FF234D /* X_Twitter_CloneUITestsLaunchTests.swift */; };
/* End PBXBuildFile section */

/* Begin PBXContainerItemProxy section */
		D3DD63182B60CF2C00FF234D /* PBXContainerItemProxy */ = {
			isa = PBXContainerItemProxy;
			containerPortal = D3DD62F92B60CF2B00FF234D /* Project object */;
			proxyType = 1;
			remoteGlobalIDString = D3DD63002B60CF2B00FF234D;
			remoteInfo = "X-Twitter-Clone";
		};
		D3DD63222B60CF2C00FF234D /* PBXContainerItemProxy */ = {
			isa = PBXContainerItemProxy;
			containerPortal = D3DD62F92B60CF2B00FF234D /* Project object */;
			proxyType = 1;
			remoteGlobalIDString = D3DD63002B60CF2B00FF234D;
			remoteInfo = "X-Twitter-Clone";
		};
/* End PBXContainerItemProxy section */

/* Begin PBXFileReference section */
		D3DD63012B60CF2B00FF234D /* X-Twitter-Clone.app */ = {isa = PBXFileReference; explicitFileType = wrapper.application; includeInIndex = 0; path = "X-Twitter-Clone.app"; sourceTree = BUILT_PRODUCTS_DIR; };
		D3DD63042B60CF2B00FF234D /* AppDelegate.swift */ = {isa = PBXFileReference; lastKnownFileType = sourcecode.swift; path = AppDelegate.swift; sourceTree = "<group>"; };
		D3DD63062B60CF2B00FF234D /* SceneDelegate.swift */ = {isa = PBXFileReference; lastKnownFileType = sourcecode.swift; path = SceneDelegate.swift; sourceTree = "<group>"; };
		D3DD63082B60CF2B00FF234D /* ViewController.swift */ = {isa = PBXFileReference; lastKnownFileType = sourcecode.swift; path = ViewController.swift; sourceTree = "<group>"; };
		D3DD630B2B60CF2B00FF234D /* Base */ = {isa = PBXFileReference; lastKnownFileType = file.storyboard; name = Base; path = Base.lproj/Main.storyboard; sourceTree = "<group>"; };
		D3DD630D2B60CF2C00FF234D /* Assets.xcassets */ = {isa = PBXFileReference; lastKnownFileType = folder.assetcatalog; path = Assets.xcassets; sourceTree = "<group>"; };
		D3DD63102B60CF2C00FF234D /* Base */ = {isa = PBXFileReference; lastKnownFileType = file.storyboard; name = Base; path = Base.lproj/LaunchScreen.storyboard; sourceTree = "<group>"; };
		D3DD63122B60CF2C00FF234D /* Info.plist */ = {isa = PBXFileReference; lastKnownFileType = text.plist.xml; path = Info.plist; sourceTree = "<group>"; };
		D3DD63172B60CF2C00FF234D /* X-Twitter-CloneTests.xctest */ = {isa = PBXFileReference; explicitFileType = wrapper.cfbundle; includeInIndex = 0; path = "X-Twitter-CloneTests.xctest"; sourceTree = BUILT_PRODUCTS_DIR; };
		D3DD631B2B60CF2C00FF234D /* X_Twitter_CloneTests.swift */ = {isa = PBXFileReference; lastKnownFileType = sourcecode.swift; path = X_Twitter_CloneTests.swift; sourceTree = "<group>"; };
		D3DD63212B60CF2C00FF234D /* X-Twitter-CloneUITests.xctest */ = {isa = PBXFileReference; explicitFileType = wrapper.cfbundle; includeInIndex = 0; path = "X-Twitter-CloneUITests.xctest"; sourceTree = BUILT_PRODUCTS_DIR; };
		D3DD63252B60CF2C00FF234D /* X_Twitter_CloneUITests.swift */ = {isa = PBXFileReference; lastKnownFileType = sourcecode.swift; path = X_Twitter_CloneUITests.swift; sourceTree = "<group>"; };
		D3DD63272B60CF2C00FF234D /* X_Twitter_CloneUITestsLaunchTests.swift */ = {isa = PBXFileReference; lastKnownFileType = sourcecode.swift; path = X_Twitter_CloneUITestsLaunchTests.swift; sourceTree = "<group>"; };
/* End PBXFileReference section */

/* Begin PBXFrameworksBuildPhase section */
		D3DD62FE2B60CF2B00FF234D /* Frameworks */ = {
			isa = PBXFrameworksBuildPhase;
			buildActionMask = 2147483647;
			files = (
			);
			runOnlyForDeploymentPostprocessing = 0;
		};
		D3DD63142B60CF2C00FF234D /* Frameworks */ = {
			isa = PBXFrameworksBuildPhase;
			buildActionMask = 2147483647;
			files = (
			);
			runOnlyForDeploymentPostprocessing = 0;
		};
		D3DD631E2B60CF2C00FF234D /* Frameworks */ = {
			isa = PBXFrameworksBuildPhase;
			buildActionMask = 2147483647;
			files = (
			);
			runOnlyForDeploymentPostprocessing = 0;
		};
/* End PBXFrameworksBuildPhase section */

/* Begin PBXGroup section */
		D3DD62F82B60CF2B00FF234D = {
			isa = PBXGroup;
			children = (
				D3DD63032B60CF2B00FF234D /* X-Twitter-Clone */,
				D3DD631A2B60CF2C00FF234D /* X-Twitter-CloneTests */,
				D3DD63242B60CF2C00FF234D /* X-Twitter-CloneUITests */,
				D3DD63022B60CF2B00FF234D /* Products */,
			);
			sourceTree = "<group>";
		};
		D3DD63022B60CF2B00FF234D /* Products */ = {
			isa = PBXGroup;
			children = (
				D3DD63012B60CF2B00FF234D /* X-Twitter-Clone.app */,
				D3DD63172B60CF2C00FF234D /* X-Twitter-CloneTests.xctest */,
				D3DD63212B60CF2C00FF234D /* X-Twitter-CloneUITests.xctest */,
			);
			name = Products;
			sourceTree = "<group>";
		};
		D3DD63032B60CF2B00FF234D /* X-Twitter-Clone */ = {
			isa = PBXGroup;
			children = (
				D3DD63042B60CF2B00FF234D /* AppDelegate.swift */,
				D3DD63062B60CF2B00FF234D /* SceneDelegate.swift */,
				D3DD63082B60CF2B00FF234D /* ViewController.swift */,
				D3DD630A2B60CF2B00FF234D /* Main.storyboard */,
				D3DD630D2B60CF2C00FF234D /* Assets.xcassets */,
				D3DD630F2B60CF2C00FF234D /* LaunchScreen.storyboard */,
				D3DD63122B60CF2C00FF234D /* Info.plist */,
			);
			path = "X-Twitter-Clone";
			sourceTree = "<group>";
		};
		D3DD631A2B60CF2C00FF234D /* X-Twitter-CloneTests */ = {
			isa = PBXGroup;
			children = (
				D3DD631B2B60CF2C00FF234D /* X_Twitter_CloneTests.swift */,
			);
			path = "X-Twitter-CloneTests";
			sourceTree = "<group>";
		};
		D3DD63242B60CF2C00FF234D /* X-Twitter-CloneUITests */ = {
			isa = PBXGroup;
			children = (
				D3DD63252B60CF2C00FF234D /* X_Twitter_CloneUITests.swift */,
				D3DD63272B60CF2C00FF234D /* X_Twitter_CloneUITestsLaunchTests.swift */,
			);
			path = "X-Twitter-CloneUITests";
			sourceTree = "<group>";
		};
/* End PBXGroup section */

/* Begin PBXNativeTarget section */
		D3DD63002B60CF2B00FF234D /* X-Twitter-Clone */ = {
			isa = PBXNativeTarget;
			buildConfigurationList = D3DD632B2B60CF2C00FF234D /* Build configuration list for PBXNativeTarget "X-Twitter-Clone" */;
			buildPhases = (
				D3DD62FD2B60CF2B00FF234D /* Sources */,
				D3DD62FE2B60CF2B00FF234D /* Frameworks */,
				D3DD62FF2B60CF2B00FF234D /* Resources */,
			);
			buildRules = (
			);
			dependencies = (
			);
			name = "X-Twitter-Clone";
			productName = "X-Twitter-Clone";
			productReference = D3DD63012B60CF2B00FF234D /* X-Twitter-Clone.app */;
			productType = "com.apple.product-type.application";
		};
		D3DD63162B60CF2C00FF234D /* X-Twitter-CloneTests */ = {
			isa = PBXNativeTarget;
			buildConfigurationList = D3DD632E2B60CF2C00FF234D /* Build configuration list for PBXNativeTarget "X-Twitter-CloneTests" */;
			buildPhases = (
				D3DD63132B60CF2C00FF234D /* Sources */,
				D3DD63142B60CF2C00FF234D /* Frameworks */,
				D3DD63152B60CF2C00FF234D /* Resources */,
			);
			buildRules = (
			);
			dependencies = (
				D3DD63192B60CF2C00FF234D /* PBXTargetDependency */,
			);
			name = "X-Twitter-CloneTests";
			productName = "X-Twitter-CloneTests";
			productReference = D3DD63172B60CF2C00FF234D /* X-Twitter-CloneTests.xctest */;
			productType = "com.apple.product-type.bundle.unit-test";
		};
		D3DD63202B60CF2C00FF234D /* X-Twitter-CloneUITests */ = {
			isa = PBXNativeTarget;
			buildConfigurationList = D3DD63312B60CF2C00FF234D /* Build configuration list for PBXNativeTarget "X-Twitter-CloneUITests" */;
			buildPhases = (
				D3DD631D2B60CF2C00FF234D /* Sources */,
				D3DD631E2B60CF2C00FF234D /* Frameworks */,
				D3DD631F2B60CF2C00FF234D /* Resources */,
			);
			buildRules = (
			);
			dependencies = (
				D3DD63232B60CF2C00FF234D /* PBXTargetDependency */,
			);
			name = "X-Twitter-CloneUITests";
			productName = "X-Twitter-CloneUITests";
			productReference = D3DD63212B60CF2C00FF234D /* X-Twitter-CloneUITests.xctest */;
			productType = "com.apple.product-type.bundle.ui-testing";
		};
/* End PBXNativeTarget section */

/* Begin PBXProject section */
		D3DD62F92B60CF2B00FF234D /* Project object */ = {
			isa = PBXProject;
			attributes = {
				BuildIndependentTargetsInParallel = 1;
				LastSwiftUpdateCheck = 1520;
				LastUpgradeCheck = 1520;
				TargetAttributes = {
					D3DD63002B60CF2B00FF234D = {
						CreatedOnToolsVersion = 15.2;
					};
					D3DD63162B60CF2C00FF234D = {
						CreatedOnToolsVersion = 15.2;
						TestTargetID = D3DD63002B60CF2B00FF234D;
					};
					D3DD63202B60CF2C00FF234D = {
						CreatedOnToolsVersion = 15.2;
						TestTargetID = D3DD63002B60CF2B00FF234D;
					};
				};
			};
			buildConfigurationList = D3DD62FC2B60CF2B00FF234D /* Build configuration list for PBXProject "X-Twitter-Clone" */;
			compatibilityVersion = "Xcode 14.0";
			developmentRegion = en;
			hasScannedForEncodings = 0;
			knownRegions = (
				en,
				Base,
			);
			mainGroup = D3DD62F82B60CF2B00FF234D;
			productRefGroup = D3DD63022B60CF2B00FF234D /* Products */;
			projectDirPath = "";
			projectRoot = "";
			targets = (
				D3DD63002B60CF2B00FF234D /* X-Twitter-Clone */,
				D3DD63162B60CF2C00FF234D /* X-Twitter-CloneTests */,
				D3DD63202B60CF2C00FF234D /* X-Twitter-CloneUITests */,
			);
		};
/* End PBXProject section */

/* Begin PBXResourcesBuildPhase section */
		D3DD62FF2B60CF2B00FF234D /* Resources */ = {
			isa = PBXResourcesBuildPhase;
			buildActionMask = 2147483647;
			files = (
				D3DD63112B60CF2C00FF234D /* LaunchScreen.storyboard in Resources */,
				D3DD630E2B60CF2C00FF234D /* Assets.xcassets in Resources */,
				D3DD630C2B60CF2B00FF234D /* Main.storyboard in Resources */,
			);
			runOnlyForDeploymentPostprocessing = 0;
		};
		D3DD63152B60CF2C00FF234D /* Resources */ = {
			isa = PBXResourcesBuildPhase;
			buildActionMask = 2147483647;
			files = (
			);
			runOnlyForDeploymentPostprocessing = 0;
		};
		D3DD631F2B60CF2C00FF234D /* Resources */ = {
			isa = PBXResourcesBuildPhase;
			buildActionMask = 2147483647;
			files = (
			);
			runOnlyForDeploymentPostprocessing = 0;
		};
/* End PBXResourcesBuildPhase section */

/* Begin PBXSourcesBuildPhase section */
		D3DD62FD2B60CF2B00FF234D /* Sources */ = {
			isa = PBXSourcesBuildPhase;
			buildActionMask = 2147483647;
			files = (
				D3DD63092B60CF2B00FF234D /* ViewController.swift in Sources */,
				D3DD63052B60CF2B00FF234D /* AppDelegate.swift in Sources */,
				D3DD63072B60CF2B00FF234D /* SceneDelegate.swift in Sources */,
			);
			runOnlyForDeploymentPostprocessing = 0;
		};
		D3DD63132B60CF2C00FF234D /* Sources */ = {
			isa = PBXSourcesBuildPhase;
			buildActionMask = 2147483647;
			files = (
				D3DD631C2B60CF2C00FF234D /* X_Twitter_CloneTests.swift in Sources */,
			);
			runOnlyForDeploymentPostprocessing = 0;
		};
		D3DD631D2B60CF2C00FF234D /* Sources */ = {
			isa = PBXSourcesBuildPhase;
			buildActionMask = 2147483647;
			files = (
				D3DD63262B60CF2C00FF234D /* X_Twitter_CloneUITests.swift in Sources */,
				D3DD63282B60CF2C00FF234D /* X_Twitter_CloneUITestsLaunchTests.swift in Sources */,
			);
			runOnlyForDeploymentPostprocessing = 0;
		};
/* End PBXSourcesBuildPhase section */

/* Begin PBXTargetDependency section */
		D3DD63192B60CF2C00FF234D /* PBXTargetDependency */ = {
			isa = PBXTargetDependency;
			target = D3DD63002B60CF2B00FF234D /* X-Twitter-Clone */;
			targetProxy = D3DD63182B60CF2C00FF234D /* PBXContainerItemProxy */;
		};
		D3DD63232B60CF2C00FF234D /* PBXTargetDependency */ = {
			isa = PBXTargetDependency;
			target = D3DD63002B60CF2B00FF234D /* X-Twitter-Clone */;
			targetProxy = D3DD63222B60CF2C00FF234D /* PBXContainerItemProxy */;
		};
/* End PBXTargetDependency section */

/* Begin PBXVariantGroup section */
		D3DD630A2B60CF2B00FF234D /* Main.storyboard */ = {
			isa = PBXVariantGroup;
			children = (
				D3DD630B2B60CF2B00FF234D /* Base */,
			);
			name = Main.storyboard;
			sourceTree = "<group>";
		};
		D3DD630F2B60CF2C00FF234D /* LaunchScreen.storyboard */ = {
			isa = PBXVariantGroup;
			children = (
				D3DD63102B60CF2C00FF234D /* Base */,
			);
			name = LaunchScreen.storyboard;
			sourceTree = "<group>";
		};
/* End PBXVariantGroup section */

/* Begin XCBuildConfiguration section */
		D3DD63292B60CF2C00FF234D /* Debug */ = {
			isa = XCBuildConfiguration;
			buildSettings = {
				ALWAYS_SEARCH_USER_PATHS = NO;
				ASSETCATALOG_COMPILER_GENERATE_SWIFT_ASSET_SYMBOL_EXTENSIONS = YES;
				CLANG_ANALYZER_NONNULL = YES;
				CLANG_ANALYZER_NUMBER_OBJECT_CONVERSION = YES_AGGRESSIVE;
				CLANG_CXX_LANGUAGE_STANDARD = "gnu++20";
				CLANG_ENABLE_MODULES = YES;
				CLANG_ENABLE_OBJC_ARC = YES;
				CLANG_ENABLE_OBJC_WEAK = YES;
				CLANG_WARN_BLOCK_CAPTURE_AUTORELEASING = YES;
				CLANG_WARN_BOOL_CONVERSION = YES;
				CLANG_WARN_COMMA = YES;
				CLANG_WARN_CONSTANT_CONVERSION = YES;
				CLANG_WARN_DEPRECATED_OBJC_IMPLEMENTATIONS = YES;
				CLANG_WARN_DIRECT_OBJC_ISA_USAGE = YES_ERROR;
				CLANG_WARN_DOCUMENTATION_COMMENTS = YES;
				CLANG_WARN_EMPTY_BODY = YES;
				CLANG_WARN_ENUM_CONVERSION = YES;
				CLANG_WARN_INFINITE_RECURSION = YES;
				CLANG_WARN_INT_CONVERSION = YES;
				CLANG_WARN_NON_LITERAL_NULL_CONVERSION = YES;
				CLANG_WARN_OBJC_IMPLICIT_RETAIN_SELF = YES;
				CLANG_WARN_OBJC_LITERAL_CONVERSION = YES;
				CLANG_WARN_OBJC_ROOT_CLASS = YES_ERROR;
				CLANG_WARN_QUOTED_INCLUDE_IN_FRAMEWORK_HEADER = YES;
				CLANG_WARN_RANGE_LOOP_ANALYSIS = YES;
				CLANG_WARN_STRICT_PROTOTYPES = YES;
				CLANG_WARN_SUSPICIOUS_MOVE = YES;
				CLANG_WARN_UNGUARDED_AVAILABILITY = YES_AGGRESSIVE;
				CLANG_WARN_UNREACHABLE_CODE = YES;
				CLANG_WARN__DUPLICATE_METHOD_MATCH = YES;
				COPY_PHASE_STRIP = NO;
				DEBUG_INFORMATION_FORMAT = dwarf;
				ENABLE_STRICT_OBJC_MSGSEND = YES;
				ENABLE_TESTABILITY = YES;
				ENABLE_USER_SCRIPT_SANDBOXING = YES;
				GCC_C_LANGUAGE_STANDARD = gnu17;
				GCC_DYNAMIC_NO_PIC = NO;
				GCC_NO_COMMON_BLOCKS = YES;
				GCC_OPTIMIZATION_LEVEL = 0;
				GCC_PREPROCESSOR_DEFINITIONS = (
					"DEBUG=1",
					"$(inherited)",
				);
				GCC_WARN_64_TO_32_BIT_CONVERSION = YES;
				GCC_WARN_ABOUT_RETURN_TYPE = YES_ERROR;
				GCC_WARN_UNDECLARED_SELECTOR = YES;
				GCC_WARN_UNINITIALIZED_AUTOS = YES_AGGRESSIVE;
				GCC_WARN_UNUSED_FUNCTION = YES;
				GCC_WARN_UNUSED_VARIABLE = YES;
				IPHONEOS_DEPLOYMENT_TARGET = 17.2;
				LOCALIZATION_PREFERS_STRING_CATALOGS = YES;
				MTL_ENABLE_DEBUG_INFO = INCLUDE_SOURCE;
				MTL_FAST_MATH = YES;
				ONLY_ACTIVE_ARCH = YES;
				SDKROOT = iphoneos;
				SWIFT_ACTIVE_COMPILATION_CONDITIONS = "DEBUG $(inherited)";
				SWIFT_OPTIMIZATION_LEVEL = "-Onone";
			};
			name = Debug;
		};
		D3DD632A2B60CF2C00FF234D /* Release */ = {
			isa = XCBuildConfiguration;
			buildSettings = {
				ALWAYS_SEARCH_USER_PATHS = NO;
				ASSETCATALOG_COMPILER_GENERATE_SWIFT_ASSET_SYMBOL_EXTENSIONS = YES;
				CLANG_ANALYZER_NONNULL = YES;
				CLANG_ANALYZER_NUMBER_OBJECT_CONVERSION = YES_AGGRESSIVE;
				CLANG_CXX_LANGUAGE_STANDARD = "gnu++20";
				CLANG_ENABLE_MODULES = YES;
				CLANG_ENABLE_OBJC_ARC = YES;
				CLANG_ENABLE_OBJC_WEAK = YES;
				CLANG_WARN_BLOCK_CAPTURE_AUTORELEASING = YES;
				CLANG_WARN_BOOL_CONVERSION = YES;
				CLANG_WARN_COMMA = YES;
				CLANG_WARN_CONSTANT_CONVERSION = YES;
				CLANG_WARN_DEPRECATED_OBJC_IMPLEMENTATIONS = YES;
				CLANG_WARN_DIRECT_OBJC_ISA_USAGE = YES_ERROR;
				CLANG_WARN_DOCUMENTATION_COMMENTS = YES;
				CLANG_WARN_EMPTY_BODY = YES;
				CLANG_WARN_ENUM_CONVERSION = YES;
				CLANG_WARN_INFINITE_RECURSION = YES;
				CLANG_WARN_INT_CONVERSION = YES;
				CLANG_WARN_NON_LITERAL_NULL_CONVERSION = YES;
				CLANG_WARN_OBJC_IMPLICIT_RETAIN_SELF = YES;
				CLANG_WARN_OBJC_LITERAL_CONVERSION = YES;
				CLANG_WARN_OBJC_ROOT_CLASS = YES_ERROR;
				CLANG_WARN_QUOTED_INCLUDE_IN_FRAMEWORK_HEADER = YES;
				CLANG_WARN_RANGE_LOOP_ANALYSIS = YES;
				CLANG_WARN_STRICT_PROTOTYPES = YES;
				CLANG_WARN_SUSPICIOUS_MOVE = YES;
				CLANG_WARN_UNGUARDED_AVAILABILITY = YES_AGGRESSIVE;
				CLANG_WARN_UNREACHABLE_CODE = YES;
				CLANG_WARN__DUPLICATE_METHOD_MATCH = YES;
				COPY_PHASE_STRIP = NO;
				DEBUG_INFORMATION_FORMAT = "dwarf-with-dsym";
				ENABLE_NS_ASSERTIONS = NO;
				ENABLE_STRICT_OBJC_MSGSEND = YES;
				ENABLE_USER_SCRIPT_SANDBOXING = YES;
				GCC_C_LANGUAGE_STANDARD = gnu17;
				GCC_NO_COMMON_BLOCKS = YES;
				GCC_WARN_64_TO_32_BIT_CONVERSION = YES;
				GCC_WARN_ABOUT_RETURN_TYPE = YES_ERROR;
				GCC_WARN_UNDECLARED_SELECTOR = YES;
				GCC_WARN_UNINITIALIZED_AUTOS = YES_AGGRESSIVE;
				GCC_WARN_UNUSED_FUNCTION = YES;
				GCC_WARN_UNUSED_VARIABLE = YES;
				IPHONEOS_DEPLOYMENT_TARGET = 17.2;
				LOCALIZATION_PREFERS_STRING_CATALOGS = YES;
				MTL_ENABLE_DEBUG_INFO = NO;
				MTL_FAST_MATH = YES;
				SDKROOT = iphoneos;
				SWIFT_COMPILATION_MODE = wholemodule;
				VALIDATE_PRODUCT = YES;
			};
			name = Release;
		};
		D3DD632C2B60CF2C00FF234D /* Debug */ = {
			isa = XCBuildConfiguration;
			buildSettings = {
				ASSETCATALOG_COMPILER_APPICON_NAME = AppIcon;
				ASSETCATALOG_COMPILER_GLOBAL_ACCENT_COLOR_NAME = AccentColor;
				CODE_SIGN_STYLE = Automatic;
				CURRENT_PROJECT_VERSION = 1;
				DEVELOPMENT_TEAM = Y9WFT4L662;
				GENERATE_INFOPLIST_FILE = YES;
				INFOPLIST_FILE = "X-Twitter-Clone/Info.plist";
				INFOPLIST_KEY_UIApplicationSupportsIndirectInputEvents = YES;
				INFOPLIST_KEY_UILaunchStoryboardName = LaunchScreen;
				INFOPLIST_KEY_UIMainStoryboardFile = Main;
				INFOPLIST_KEY_UISupportedInterfaceOrientations_iPad = "UIInterfaceOrientationPortrait UIInterfaceOrientationPortraitUpsideDown UIInterfaceOrientationLandscapeLeft UIInterfaceOrientationLandscapeRight";
				INFOPLIST_KEY_UISupportedInterfaceOrientations_iPhone = "UIInterfaceOrientationPortrait UIInterfaceOrientationLandscapeLeft UIInterfaceOrientationLandscapeRight";
				LD_RUNPATH_SEARCH_PATHS = (
					"$(inherited)",
					"@executable_path/Frameworks",
				);
				MARKETING_VERSION = 1.0;
				PRODUCT_BUNDLE_IDENTIFIER = "Mohamed-Abd-Elhakam.X-Twitter-Clone";
				PRODUCT_NAME = "$(TARGET_NAME)";
				SWIFT_EMIT_LOC_STRINGS = YES;
				SWIFT_VERSION = 5.0;
				TARGETED_DEVICE_FAMILY = "1,2";
			};
			name = Debug;
		};
		D3DD632D2B60CF2C00FF234D /* Release */ = {
			isa = XCBuildConfiguration;
			buildSettings = {
				ASSETCATALOG_COMPILER_APPICON_NAME = AppIcon;
				ASSETCATALOG_COMPILER_GLOBAL_ACCENT_COLOR_NAME = AccentColor;
				CODE_SIGN_STYLE = Automatic;
				CURRENT_PROJECT_VERSION = 1;
				DEVELOPMENT_TEAM = Y9WFT4L662;
				GENERATE_INFOPLIST_FILE = YES;
				INFOPLIST_FILE = "X-Twitter-Clone/Info.plist";
				INFOPLIST_KEY_UIApplicationSupportsIndirectInputEvents = YES;
				INFOPLIST_KEY_UILaunchStoryboardName = LaunchScreen;
				INFOPLIST_KEY_UIMainStoryboardFile = Main;
				INFOPLIST_KEY_UISupportedInterfaceOrientations_iPad = "UIInterfaceOrientationPortrait UIInterfaceOrientationPortraitUpsideDown UIInterfaceOrientationLandscapeLeft UIInterfaceOrientationLandscapeRight";
				INFOPLIST_KEY_UISupportedInterfaceOrientations_iPhone = "UIInterfaceOrientationPortrait UIInterfaceOrientationLandscapeLeft UIInterfaceOrientationLandscapeRight";
				LD_RUNPATH_SEARCH_PATHS = (
					"$(inherited)",
					"@executable_path/Frameworks",
				);
				MARKETING_VERSION = 1.0;
				PRODUCT_BUNDLE_IDENTIFIER = "Mohamed-Abd-Elhakam.X-Twitter-Clone";
				PRODUCT_NAME = "$(TARGET_NAME)";
				SWIFT_EMIT_LOC_STRINGS = YES;
				SWIFT_VERSION = 5.0;
				TARGETED_DEVICE_FAMILY = "1,2";
			};
			name = Release;
		};
		D3DD632F2B60CF2C00FF234D /* Debug */ = {
			isa = XCBuildConfiguration;
			buildSettings = {
				ALWAYS_EMBED_SWIFT_STANDARD_LIBRARIES = YES;
				BUNDLE_LOADER = "$(TEST_HOST)";
				CODE_SIGN_STYLE = Automatic;
				CURRENT_PROJECT_VERSION = 1;
				DEVELOPMENT_TEAM = Y9WFT4L662;
				GENERATE_INFOPLIST_FILE = YES;
				IPHONEOS_DEPLOYMENT_TARGET = 17.2;
				MARKETING_VERSION = 1.0;
				PRODUCT_BUNDLE_IDENTIFIER = "Mohamed-Abd-Elhakam.X-Twitter-CloneTests";
				PRODUCT_NAME = "$(TARGET_NAME)";
				SWIFT_EMIT_LOC_STRINGS = NO;
				SWIFT_VERSION = 5.0;
				TARGETED_DEVICE_FAMILY = "1,2";
				TEST_HOST = "$(BUILT_PRODUCTS_DIR)/X-Twitter-Clone.app/$(BUNDLE_EXECUTABLE_FOLDER_PATH)/X-Twitter-Clone";
			};
			name = Debug;
		};
		D3DD63302B60CF2C00FF234D /* Release */ = {
			isa = XCBuildConfiguration;
			buildSettings = {
				ALWAYS_EMBED_SWIFT_STANDARD_LIBRARIES = YES;
				BUNDLE_LOADER = "$(TEST_HOST)";
				CODE_SIGN_STYLE = Automatic;
				CURRENT_PROJECT_VERSION = 1;
				DEVELOPMENT_TEAM = Y9WFT4L662;
				GENERATE_INFOPLIST_FILE = YES;
				IPHONEOS_DEPLOYMENT_TARGET = 17.2;
				MARKETING_VERSION = 1.0;
				PRODUCT_BUNDLE_IDENTIFIER = "Mohamed-Abd-Elhakam.X-Twitter-CloneTests";
				PRODUCT_NAME = "$(TARGET_NAME)";
				SWIFT_EMIT_LOC_STRINGS = NO;
				SWIFT_VERSION = 5.0;
				TARGETED_DEVICE_FAMILY = "1,2";
				TEST_HOST = "$(BUILT_PRODUCTS_DIR)/X-Twitter-Clone.app/$(BUNDLE_EXECUTABLE_FOLDER_PATH)/X-Twitter-Clone";
			};
			name = Release;
		};
		D3DD63322B60CF2C00FF234D /* Debug */ = {
			isa = XCBuildConfiguration;
			buildSettings = {
				ALWAYS_EMBED_SWIFT_STANDARD_LIBRARIES = YES;
				CODE_SIGN_STYLE = Automatic;
				CURRENT_PROJECT_VERSION = 1;
				DEVELOPMENT_TEAM = Y9WFT4L662;
				GENERATE_INFOPLIST_FILE = YES;
				MARKETING_VERSION = 1.0;
				PRODUCT_BUNDLE_IDENTIFIER = "Mohamed-Abd-Elhakam.X-Twitter-CloneUITests";
				PRODUCT_NAME = "$(TARGET_NAME)";
				SWIFT_EMIT_LOC_STRINGS = NO;
				SWIFT_VERSION = 5.0;
				TARGETED_DEVICE_FAMILY = "1,2";
				TEST_TARGET_NAME = "X-Twitter-Clone";
			};
			name = Debug;
		};
		D3DD63332B60CF2C00FF234D /* Release */ = {
			isa = XCBuildConfiguration;
			buildSettings = {
				ALWAYS_EMBED_SWIFT_STANDARD_LIBRARIES = YES;
				CODE_SIGN_STYLE = Automatic;
				CURRENT_PROJECT_VERSION = 1;
				DEVELOPMENT_TEAM = Y9WFT4L662;
				GENERATE_INFOPLIST_FILE = YES;
				MARKETING_VERSION = 1.0;
				PRODUCT_BUNDLE_IDENTIFIER = "Mohamed-Abd-Elhakam.X-Twitter-CloneUITests";
				PRODUCT_NAME = "$(TARGET_NAME)";
				SWIFT_EMIT_LOC_STRINGS = NO;
				SWIFT_VERSION = 5.0;
				TARGETED_DEVICE_FAMILY = "1,2";
				TEST_TARGET_NAME = "X-Twitter-Clone";
			};
			name = Release;
		};
/* End XCBuildConfiguration section */

/* Begin XCConfigurationList section */
		D3DD62FC2B60CF2B00FF234D /* Build configuration list for PBXProject "X-Twitter-Clone" */ = {
			isa = XCConfigurationList;
			buildConfigurations = (
				D3DD63292B60CF2C00FF234D /* Debug */,
				D3DD632A2B60CF2C00FF234D /* Release */,
			);
			defaultConfigurationIsVisible = 0;
			defaultConfigurationName = Release;
		};
		D3DD632B2B60CF2C00FF234D /* Build configuration list for PBXNativeTarget "X-Twitter-Clone" */ = {
			isa = XCConfigurationList;
			buildConfigurations = (
				D3DD632C2B60CF2C00FF234D /* Debug */,
				D3DD632D2B60CF2C00FF234D /* Release */,
			);
			defaultConfigurationIsVisible = 0;
			defaultConfigurationName = Release;
		};
		D3DD632E2B60CF2C00FF234D /* Build configuration list for PBXNativeTarget "X-Twitter-CloneTests" */ = {
			isa = XCConfigurationList;
			buildConfigurations = (
				D3DD632F2B60CF2C00FF234D /* Debug */,
				D3DD63302B60CF2C00FF234D /* Release */,
			);
			defaultConfigurationIsVisible = 0;
			defaultConfigurationName = Release;
		};
		D3DD63312B60CF2C00FF234D /* Build configuration list for PBXNativeTarget "X-Twitter-CloneUITests" */ = {
			isa = XCConfigurationList;
			buildConfigurations = (
				D3DD63322B60CF2C00FF234D /* Debug */,
				D3DD63332B60CF2C00FF234D /* Release */,
			);
			defaultConfigurationIsVisible = 0;
			defaultConfigurationName = Release;
		};
/* End XCConfigurationList section */
	};
	rootObject = D3DD62F92B60CF2B00FF234D /* Project object */;
}
